
Microsoft Visual Studio Solution File, Format Version 9.00
# Visual Studio 2005
Project("{F14B399A-7131-4C87-9E4B-1186C45EF12D}") = "My Adventure Works", "My Adventure Works\My Adventure Works.rptproj", "{455EC100-F71C-4A1B-882B-07E89AF3F6F5}"
EndProject
Global
	GlobalSection(SolutionConfigurationPlatforms) = preSolution
		Debug|Default = Debug|Default
		DebugLocal|Default = DebugLocal|Default
		Production|Default = Production|Default
	EndGlobalSection
	GlobalSection(ProjectConfigurationPlatforms) = postSolution
		{455EC100-F71C-4A1B-882B-07E89AF3F6F5}.Debug|Default.ActiveCfg = Debug
		{455EC100-F71C-4A1B-882B-07E89AF3F6F5}.Debug|Default.Build.0 = DebugLocal
		{455EC100-F71C-4A1B-882B-07E89AF3F6F5}.Debug|Default.Deploy.0 = DebugLocal
		{455EC100-F71C-4A1B-882B-07E89AF3F6F5}.DebugLocal|Default.ActiveCfg = DebugLocal
		{455EC100-F71C-4A1B-882B-07E89AF3F6F5}.DebugLocal|Default.Build.0 = DebugLocal
		{455EC100-F71C-4A1B-882B-07E89AF3F6F5}.Production|Default.ActiveCfg = Production
		{455EC100-F71C-4A1B-882B-07E89AF3F6F5}.Production|Default.Build.0 = Production
		{455EC100-F71C-4A1B-882B-07E89AF3F6F5}.Production|Default.Deploy.0 = Production
	EndGlobalSection
	GlobalSection(SolutionProperties) = preSolution
		HideSolutionNode = FALSE
	EndGlobalSection
EndGlobal
